
Microsoft Visual Studio Solution File, Format Version 12.00
# Visual Studio 15
VisualStudioVersion = 15.0.27428.2027
MinimumVisualStudioVersion = 10.0.40219.1
Project("{FAE04EC0-301F-11D3-BF4B-00C04F79EFBC}") = "Ikarus", "Ikarus\Ikarus.csproj", "{D417E6ED-4DC8-4500-BFF6-D34A6BC4B21E}"
EndProject
Project("{2150E333-8FDC-42A3-9474-1A3956D46DE8}") = "Solution Items", "Solution Items", "{42733D92-216D-43EF-80F3-C3945981A991}"
	ProjectSection(SolutionItems) = preProject
		Performance1.psess = Performance1.psess
	EndProjectSection
EndProject
Global
	GlobalSection(SolutionConfigurationPlatforms) = preSolution
		Debug|Any CPU = Debug|Any CPU
		Release|Any CPU = Release|Any CPU
	EndGlobalSection
	GlobalSection(ProjectConfigurationPlatforms) = postSolution
		{D417E6ED-4DC8-4500-BFF6-D34A6BC4B21E}.Debug|Any CPU.ActiveCfg = Debug|Any CPU
		{D417E6ED-4DC8-4500-BFF6-D34A6BC4B21E}.Debug|Any CPU.Build.0 = Debug|Any CPU
		{D417E6ED-4DC8-4500-BFF6-D34A6BC4B21E}.Release|Any CPU.ActiveCfg = Release|Any CPU
		{D417E6ED-4DC8-4500-BFF6-D34A6BC4B21E}.Release|Any CPU.Build.0 = Release|Any CPU
	EndGlobalSection
	GlobalSection(SolutionProperties) = preSolution
		HideSolutionNode = FALSE
	EndGlobalSection
	GlobalSection(ExtensibilityGlobals) = postSolution
		SolutionGuid = {F0C88F99-DA84-4302-841E-C88D248DE74D}
	EndGlobalSection
EndGlobal
